
Microsoft Visual Studio Solution File, Format Version 12.00
# Visual Studio Version 16
VisualStudioVersion = 16.0.31613.86
MinimumVisualStudioVersion = 10.0.40219.1
Project("{FAE04EC0-301F-11D3-BF4B-00C04F79EFBC}") = "ExchangeRESTApi", "ExchangeRESTApi.csproj", "{0B5E83B4-31DD-4B47-BF45-C8D12427AB22}"
EndProject
Global
	GlobalSection(SolutionConfigurationPlatforms) = preSolution
		Debug|Any CPU = Debug|Any CPU
		Release|Any CPU = Release|Any CPU
	EndGlobalSection
	GlobalSection(ProjectConfigurationPlatforms) = postSolution
		{0B5E83B4-31DD-4B47-BF45-C8D12427AB22}.Debug|Any CPU.ActiveCfg = Debug|Any CPU
		{0B5E83B4-31DD-4B47-BF45-C8D12427AB22}.Debug|Any CPU.Build.0 = Debug|Any CPU
		{0B5E83B4-31DD-4B47-BF45-C8D12427AB22}.Release|Any CPU.ActiveCfg = Release|Any CPU
		{0B5E83B4-31DD-4B47-BF45-C8D12427AB22}.Release|Any CPU.Build.0 = Release|Any CPU
	EndGlobalSection
	GlobalSection(SolutionProperties) = preSolution
		HideSolutionNode = FALSE
	EndGlobalSection
	GlobalSection(ExtensibilityGlobals) = postSolution
		SolutionGuid = {18B7EC92-878F-46C0-853A-71B85A52A90E}
	EndGlobalSection
EndGlobal
